version: 1.0
shards:
  char_width:
    github: SamualLB/char_width
    commit: a7ae3a26a154475ccf7754c6fbf9433c9470bc1c

  ncurses:
    github: SamualLB/ncurses
    version: 0.0.7

  tui:
    github: SamualLB/tui
    commit: 9a79f5699fb24c7b0cffcf08d03882e3aec85fd3

  twitter-crystal:
    github: SamualLB/twitter-crystal
    version: 0.2.2

